<?xml version="1.0" encoding="utf-8"?>
<Project ToolsVersion="4.0" xmlns="http://schemas.microsoft.com/developer/msbuild/2003">
  <ItemGroup>
    <Filter Include="hlsl">
      <UniqueIdentifier>{4FC737F1-C7A5-4376-A066-2A32D752A2FF}</UniqueIdentifier>
      <Extensions>cpp;c;cc;cxx;def;odl;idl;hpj;bat;asm;asmx</Extensions>
    </Filter>
  </ItemGroup>
  <ItemGroup>
    <FxCompile Include="lambert_lighting.hlsl">
      <Filter>hlsl</Filter>
    </FxCompile>
    <FxCompile Include="screen_shader.hlsl">
      <Filter>hlsl</Filter>
    </FxCompile>
    <FxCompile Include="fade.hlsl">
      <Filter>hlsl</Filter>
    </FxCompile>
    <FxCompile Include="animation.hlsl">
      <Filter>hlsl</Filter>
    </FxCompile>
    <FxCompile Include="back_ground.hlsl">
      <Filter>hlsl</Filter>
    </FxCompile>
    <FxCompile Include="PBL_animation.hlsl">
      <Filter>hlsl</Filter>
    </FxCompile>
    <FxCompile Include="aim.hlsl">
      <Filter>hlsl</Filter>
    </FxCompile>
    <FxCompile Include="PBL_static.hlsl">
      <Filter>hlsl</Filter>
    </FxCompile>
    <FxCompile Include="dirt.hlsl">
      <Filter>hlsl</Filter>
    </FxCompile>
    <FxCompile Include="water.hlsl">
      <Filter>hlsl</Filter>
    </FxCompile>
    <FxCompile Include="water_back.hlsl">
      <Filter>hlsl</Filter>
    </FxCompile>
    <FxCompile Include="shader_2d.hlsl">
      <Filter>hlsl</Filter>
    </FxCompile>
    <FxCompile Include="water_spray.hlsl">
      <Filter>hlsl</Filter>
    </FxCompile>
    <FxCompile Include="toon_building.hlsl">
      <Filter>hlsl</Filter>
    </FxCompile>
    <FxCompile Include="toon_player.hlsl">
      <Filter>hlsl</Filter>
    </FxCompile>
    <FxCompile Include="toon_weapon.hlsl">
      <Filter>hlsl</Filter>
    </FxCompile>
    <FxCompile Include="static_toon_building.hlsl">
      <Filter>hlsl</Filter>
    </FxCompile>
    <FxCompile Include="static_toon_clouds.hlsl">
      <Filter>hlsl</Filter>
    </FxCompile>
  </ItemGroup>
</Project>