
Microsoft Visual Studio Solution File, Format Version 12.00
# Visual Studio 2013
VisualStudioVersion = 12.0.21005.1
MinimumVisualStudioVersion = 10.0.40219.1
Project("{8BC9CEB8-8B4A-11D0-8D11-00A0C91BC942}") = "ms_project", "ms_project\ms_project.vcxproj", "{F1CD95A2-B507-42B8-B380-2D9D12DA0E3C}"
EndProject
Project("{8BC9CEB8-8B4A-11D0-8D11-00A0C91BC942}") = "shader_build", "shader_build\shader_build.vcxproj", "{C52FFECA-C9FF-42C1-B8A8-BE880A4D963D}"
EndProject
Global
	GlobalSection(SolutionConfigurationPlatforms) = preSolution
		Debug|Win32 = Debug|Win32
		Develop|Win32 = Develop|Win32
		Release|Win32 = Release|Win32
	EndGlobalSection
	GlobalSection(ProjectConfigurationPlatforms) = postSolution
		{F1CD95A2-B507-42B8-B380-2D9D12DA0E3C}.Debug|Win32.ActiveCfg = Debug|Win32
		{F1CD95A2-B507-42B8-B380-2D9D12DA0E3C}.Debug|Win32.Build.0 = Debug|Win32
		{F1CD95A2-B507-42B8-B380-2D9D12DA0E3C}.Develop|Win32.ActiveCfg = Develop|Win32
		{F1CD95A2-B507-42B8-B380-2D9D12DA0E3C}.Develop|Win32.Build.0 = Develop|Win32
		{F1CD95A2-B507-42B8-B380-2D9D12DA0E3C}.Release|Win32.ActiveCfg = Release|Win32
		{F1CD95A2-B507-42B8-B380-2D9D12DA0E3C}.Release|Win32.Build.0 = Release|Win32
		{C52FFECA-C9FF-42C1-B8A8-BE880A4D963D}.Debug|Win32.ActiveCfg = Debug|Win32
		{C52FFECA-C9FF-42C1-B8A8-BE880A4D963D}.Debug|Win32.Build.0 = Debug|Win32
		{C52FFECA-C9FF-42C1-B8A8-BE880A4D963D}.Develop|Win32.ActiveCfg = Debug|Win32
		{C52FFECA-C9FF-42C1-B8A8-BE880A4D963D}.Develop|Win32.Build.0 = Debug|Win32
		{C52FFECA-C9FF-42C1-B8A8-BE880A4D963D}.Release|Win32.ActiveCfg = Release|Win32
		{C52FFECA-C9FF-42C1-B8A8-BE880A4D963D}.Release|Win32.Build.0 = Release|Win32
	EndGlobalSection
	GlobalSection(SolutionProperties) = preSolution
		HideSolutionNode = FALSE
	EndGlobalSection
EndGlobal
