<?xml version="1.0" encoding="utf-8"?>
<Project ToolsVersion="4.0" xmlns="http://schemas.microsoft.com/developer/msbuild/2003">
  <ItemGroup>
    <ClCompile Include="source\stdafx.cpp" />
    <ClCompile Include="source\main.cpp" />
    <ClCompile Include="Source\Error\assert.cpp">
      <Filter>Error</Filter>
    </ClCompile>
    <ClCompile Include="Source\Windows\window.cpp">
      <Filter>Windows</Filter>
    </ClCompile>
    <ClCompile Include="Source\Windows\window_operation_wrapper.cpp">
      <Filter>Windows</Filter>
    </ClCompile>
    <ClCompile Include="Source\Windows\window_procedure.cpp">
      <Filter>Windows</Filter>
    </ClCompile>
    <ClCompile Include="Source\Renderer\directx9.cpp">
      <Filter>Renderer</Filter>
    </ClCompile>
    <ClCompile Include="Source\System\application.cpp">
      <Filter>System</Filter>
    </ClCompile>
    <ClCompile Include="Source\System\system_flow.cpp">
      <Filter>System</Filter>
    </ClCompile>
    <ClCompile Include="Source\Scene\scene_manager.cpp">
      <Filter>Scene</Filter>
    </ClCompile>
    <ClCompile Include="Source\Scene\Scene\scene_game.cpp">
      <Filter>Scene\Scene</Filter>
    </ClCompile>
    <ClCompile Include="Source\Camera\camera_manager.cpp">
      <Filter>Camera</Filter>
    </ClCompile>
    <ClCompile Include="Source\Camera\Camera\camera_2d.cpp">
      <Filter>Camera\Camera</Filter>
    </ClCompile>
    <ClCompile Include="Source\Camera\Camera\camera_game_main.cpp">
      <Filter>Camera\Camera</Filter>
    </ClCompile>
    <ClCompile Include="Source\Input\input_event_buffer.cpp">
      <Filter>Input</Filter>
    </ClCompile>
    <ClCompile Include="Source\Input\input_manager.cpp">
      <Filter>Input</Filter>
    </ClCompile>
    <ClCompile Include="Source\Input\input.cpp">
      <Filter>Input</Filter>
    </ClCompile>
    <ClCompile Include="Source\Input\keyboard\input_keyboard.cpp">
      <Filter>Input\keyboard</Filter>
    </ClCompile>
    <ClCompile Include="Source\DevelopTool\DevelopTool\debug_print.cpp">
      <Filter>DevelopTool\DevelopTool</Filter>
    </ClCompile>
    <ClCompile Include="Source\DevelopTool\develop_tool_manager.cpp">
      <Filter>DevelopTool</Filter>
    </ClCompile>
    <ClCompile Include="Source\Resource\Mesh\index_buffer.cpp">
      <Filter>Resource\Mesh</Filter>
    </ClCompile>
    <ClCompile Include="Source\Resource\Mesh\vertex_buffer.cpp">
      <Filter>Resource\Mesh</Filter>
    </ClCompile>
    <ClCompile Include="Source\Shader\effect_handle_holder.cpp">
      <Filter>Shader</Filter>
    </ClCompile>
    <ClCompile Include="Source\Shader\effect_handle_manager.cpp">
      <Filter>Shader</Filter>
    </ClCompile>
    <ClCompile Include="Source\Shader\shader_base.cpp">
      <Filter>Shader</Filter>
    </ClCompile>
    <ClCompile Include="Source\DrawCommand\command_buffer.cpp">
      <Filter>DrawCommand</Filter>
    </ClCompile>
    <ClCompile Include="Source\DrawCommand\command_buffer_holder.cpp">
      <Filter>DrawCommand</Filter>
    </ClCompile>
    <ClCompile Include="Source\DrawCommand\command_processor.cpp">
      <Filter>DrawCommand</Filter>
    </ClCompile>
    <ClCompile Include="Source\World\world.cpp">
      <Filter>World</Filter>
    </ClCompile>
    <ClCompile Include="Source\Unit\unit.cpp">
      <Filter>Unit</Filter>
    </ClCompile>
    <ClCompile Include="Source\Scene\Scene\scene_title.cpp">
      <Filter>Scene\Scene</Filter>
    </ClCompile>
    <ClCompile Include="Source\Scene\Scene\scene_result.cpp">
      <Filter>Scene\Scene</Filter>
    </ClCompile>
    <ClCompile Include="Source\Shader\Shader\lambert.cpp">
      <Filter>Shader\Shader</Filter>
    </ClCompile>
    <ClCompile Include="Source\Resource\Mesh\mesh_buffer.cpp">
      <Filter>Resource\Mesh</Filter>
    </ClCompile>
    <ClCompile Include="Source\Resource\Mesh\Mesh\mesh_factory_sprite.cpp">
      <Filter>Resource\Mesh\Factory</Filter>
    </ClCompile>
    <ClCompile Include="Source\Resource\Mesh\Mesh\mesh_factory_cube.cpp">
      <Filter>Resource\Mesh\Factory</Filter>
    </ClCompile>
    <ClCompile Include="Source\Unit\screen_unit.cpp">
      <Filter>Unit</Filter>
    </ClCompile>
    <ClCompile Include="Source\Shader\PostEffect\fade_shader.cpp">
      <Filter>Shader\PostEffect</Filter>
    </ClCompile>
    <ClCompile Include="Source\Fade\fade.cpp">
      <Filter>Fade</Filter>
    </ClCompile>
    <ClCompile Include="Source\Resource\Mesh\Mesh\mesh_factory_smo.cpp">
      <Filter>Resource\Mesh\Factory</Filter>
    </ClCompile>
    <ClCompile Include="Source\Resource\Mesh\Mesh\mesh_factory_amo.cpp">
      <Filter>Resource\Mesh\Factory</Filter>
    </ClCompile>
    <ClCompile Include="Source\Shader\Shader\animation_shader.cpp">
      <Filter>Shader\Shader</Filter>
    </ClCompile>
    <ClCompile Include="Source\Animation\animation_system.cpp">
      <Filter>Animation</Filter>
    </ClCompile>
    <ClCompile Include="Source\Sound\speaker\speaker.cpp">
      <Filter>Sound\speaker</Filter>
    </ClCompile>
    <ClCompile Include="Source\Sound\speaker\speaker_3d.cpp">
      <Filter>Sound\speaker</Filter>
    </ClCompile>
    <ClCompile Include="Source\Sound\speaker\speaker_bgm.cpp">
      <Filter>Sound\speaker</Filter>
    </ClCompile>
    <ClCompile Include="Source\Sound\xact\xact_manager.cpp">
      <Filter>Sound\xact</Filter>
    </ClCompile>
    <ClCompile Include="Source\Unit\Game\player.cpp">
      <Filter>Unit\Game</Filter>
    </ClCompile>
    <ClCompile Include="Source\Algorithm\often_use.cpp">
      <Filter>Algorithm</Filter>
    </ClCompile>
    <ClCompile Include="Source\Camera\Camera\camera_game_player.cpp">
      <Filter>Camera\Camera</Filter>
    </ClCompile>
    <ClCompile Include="Source\Unit\Game\back_ground.cpp">
      <Filter>Unit\Game</Filter>
    </ClCompile>
    <ClCompile Include="Source\Shader\Shader\back_ground_shader.cpp">
      <Filter>Shader\Shader</Filter>
    </ClCompile>
    <ClCompile Include="Source\Shader\Shader\screen_shader.cpp">
      <Filter>Shader\Shader</Filter>
    </ClCompile>
    <ClCompile Include="Source\DevelopTool\DevelopTool\debug_line_box.cpp">
      <Filter>DevelopTool\DevelopTool</Filter>
    </ClCompile>
    <ClCompile Include="Source\DevelopTool\DevelopTool\debug_line.cpp">
      <Filter>DevelopTool\DevelopTool</Filter>
    </ClCompile>
    <ClCompile Include="Source\Shader\Shader\PBL_animation_shader.cpp">
      <Filter>Shader\Shader</Filter>
    </ClCompile>
    <ClCompile Include="Source\Collision\collision_system.cpp">
      <Filter>Collision</Filter>
    </ClCompile>
    <ClCompile Include="Source\Unit\Game\aim_draw.cpp">
      <Filter>Unit\Game</Filter>
    </ClCompile>
    <ClCompile Include="Source\Shader\Shader\aim_shader.cpp">
      <Filter>Shader\Shader</Filter>
    </ClCompile>
    <ClCompile Include="Source\Unit\Game\aim.cpp">
      <Filter>Unit\Game</Filter>
    </ClCompile>
    <ClCompile Include="Source\Unit\Game\aim_line.cpp">
      <Filter>Unit\Game</Filter>
    </ClCompile>
    <ClCompile Include="Source\World\collision_grid.cpp">
      <Filter>World</Filter>
    </ClCompile>
    <ClCompile Include="Source\World\grid_2D.cpp">
      <Filter>World</Filter>
    </ClCompile>
    <ClCompile Include="Source\DevelopTool\DevelopTool\debug_box.cpp">
      <Filter>DevelopTool\DevelopTool</Filter>
    </ClCompile>
    <ClCompile Include="Source\Unit\Game\building.cpp">
      <Filter>Unit\Game</Filter>
    </ClCompile>
    <ClCompile Include="Source\Shader\Shader\PBL_static_shader.cpp">
      <Filter>Shader\Shader</Filter>
    </ClCompile>
    <ClCompile Include="Source\Command\command_fire.cpp">
      <Filter>Command</Filter>
    </ClCompile>
    <ClCompile Include="Source\Command\command_handler.cpp">
      <Filter>Command</Filter>
    </ClCompile>
    <ClCompile Include="Source\Command\command_move_right.cpp">
      <Filter>Command</Filter>
    </ClCompile>
    <ClCompile Include="Source\Command\command_move_up.cpp">
      <Filter>Command</Filter>
    </ClCompile>
    <ClCompile Include="Source\Command\command_move_back.cpp">
      <Filter>Command</Filter>
    </ClCompile>
    <ClCompile Include="Source\Command\command_move_down.cpp">
      <Filter>Command</Filter>
    </ClCompile>
    <ClCompile Include="Source\Command\command_move_front.cpp">
      <Filter>Command</Filter>
    </ClCompile>
    <ClCompile Include="Source\Command\command_move_left.cpp">
      <Filter>Command</Filter>
    </ClCompile>
    <ClCompile Include="Source\Unit\Game\bullet.cpp">
      <Filter>Unit\Game</Filter>
    </ClCompile>
    <ClCompile Include="Source\Unit\Game\dirt.cpp">
      <Filter>Unit\Game</Filter>
    </ClCompile>
    <ClCompile Include="Source\Resource\texture_resource.cpp">
      <Filter>Resource</Filter>
    </ClCompile>
    <ClCompile Include="Source\Resource\cube_texture_resource.cpp">
      <Filter>Resource</Filter>
    </ClCompile>
    <ClCompile Include="Source\Resource\mesh_resource.cpp">
      <Filter>Resource</Filter>
    </ClCompile>
    <ClCompile Include="Source\Resource\static_mesh_resource.cpp">
      <Filter>Resource</Filter>
    </ClCompile>
    <ClCompile Include="Source\Resource\animation_mesh_resource.cpp">
      <Filter>Resource</Filter>
    </ClCompile>
    <ClCompile Include="Source\Input\xinput\input_x.cpp">
      <Filter>Input\xinput</Filter>
    </ClCompile>
    <ClCompile Include="Source\DevelopTool\DevelopTool\debug_sphere.cpp">
      <Filter>DevelopTool\DevelopTool</Filter>
    </ClCompile>
    <ClCompile Include="Source\Resource\Mesh\Mesh\mesh_factory_mesh_field.cpp">
      <Filter>Resource\Mesh\Factory</Filter>
    </ClCompile>
    <ClCompile Include="Source\Shader\Shader\dirt_shader.cpp">
      <Filter>Shader\Shader</Filter>
    </ClCompile>
    <ClCompile Include="Source\Algorithm\dirt_math.cpp">
      <Filter>Algorithm</Filter>
    </ClCompile>
    <ClCompile Include="Source\Algorithm\perlin_noise.cpp">
      <Filter>Algorithm</Filter>
    </ClCompile>
    <ClCompile Include="Source\Unit\Game\water_bullet.cpp">
      <Filter>Unit\Game</Filter>
    </ClCompile>
    <ClCompile Include="Source\Resource\Mesh\Mesh\mesh_factory_water_cylinder.cpp">
      <Filter>Resource\Mesh\Factory</Filter>
    </ClCompile>
    <ClCompile Include="Source\Shader\Shader\water_shader.cpp">
      <Filter>Shader\Shader</Filter>
    </ClCompile>
    <ClCompile Include="Source\Unit\Game\weapon.cpp">
      <Filter>Unit\Game</Filter>
    </ClCompile>
    <ClCompile Include="Source\Resource\Mesh\Mesh\mesh_factory_water_cylinder_back.cpp">
      <Filter>Resource\Mesh\Factory</Filter>
    </ClCompile>
    <ClCompile Include="Source\Unit\Game\water_back.cpp">
      <Filter>Unit\Game</Filter>
    </ClCompile>
    <ClCompile Include="Source\Shader\Shader\water_back_shader.cpp">
      <Filter>Shader\Shader</Filter>
    </ClCompile>
    <ClCompile Include="Source\Unit\Title\text.cpp">
      <Filter>Unit\Title</Filter>
    </ClCompile>
    <ClCompile Include="Source\Unit\Title\logo.cpp">
      <Filter>Unit\Title</Filter>
    </ClCompile>
    <ClCompile Include="Source\Unit\Title\logo_bg.cpp">
      <Filter>Unit\Title</Filter>
    </ClCompile>
    <ClCompile Include="Source\Unit\Result\result_bg.cpp">
      <Filter>Unit\Result</Filter>
    </ClCompile>
    <ClCompile Include="Source\Unit\Result\score.cpp">
      <Filter>Unit\Result</Filter>
    </ClCompile>
    <ClCompile Include="Source\Unit\Result\score_board.cpp">
      <Filter>Unit\Result</Filter>
    </ClCompile>
    <ClCompile Include="Source\Unit\Result\bulletin_board.cpp">
      <Filter>Unit\Result</Filter>
    </ClCompile>
    <ClCompile Include="Source\Unit\Result\judge.cpp">
      <Filter>Unit\Result</Filter>
    </ClCompile>
    <ClCompile Include="Source\Unit\Result\message_box.cpp">
      <Filter>Unit\Result</Filter>
    </ClCompile>
    <ClCompile Include="Source\Unit\number.cpp">
      <Filter>Unit</Filter>
    </ClCompile>
    <ClCompile Include="Source\Shader\Shader\screen_2d_shader.cpp">
      <Filter>Shader\Shader</Filter>
    </ClCompile>
    <ClCompile Include="Source\Resource\Mesh\Mesh\mesh_factory_2d_sprite.cpp">
      <Filter>Resource\Mesh\Factory</Filter>
    </ClCompile>
    <ClCompile Include="Source\Unit\Game\water_spray_pool.cpp">
      <Filter>Unit\Game</Filter>
    </ClCompile>
    <ClCompile Include="Source\Unit\Game\water_spray.cpp">
      <Filter>Unit\Game</Filter>
    </ClCompile>
  </ItemGroup>
  <ItemGroup>
    <ClInclude Include="source\stdafx.h" />
    <ClInclude Include="Source\type_alias.h" />
    <ClInclude Include="Source\Common\safe_delete.h">
      <Filter>Common</Filter>
    </ClInclude>
    <ClInclude Include="Source\Common\safe_release.h">
      <Filter>Common</Filter>
    </ClInclude>
    <ClInclude Include="Source\Error\assert.h">
      <Filter>Error</Filter>
    </ClInclude>
    <ClInclude Include="Source\Windows\window.h">
      <Filter>Windows</Filter>
    </ClInclude>
    <ClInclude Include="Source\Windows\window_operation_wrapper.h">
      <Filter>Windows</Filter>
    </ClInclude>
    <ClInclude Include="Source\Windows\window_procedure.h">
      <Filter>Windows</Filter>
    </ClInclude>
    <ClInclude Include="Source\Renderer\directx9.h">
      <Filter>Renderer</Filter>
    </ClInclude>
    <ClInclude Include="Source\System\application.h">
      <Filter>System</Filter>
    </ClInclude>
    <ClInclude Include="Source\System\system_flow.h">
      <Filter>System</Filter>
    </ClInclude>
    <ClInclude Include="Source\Common\reference.h">
      <Filter>Common</Filter>
    </ClInclude>
    <ClInclude Include="Source\Scene\scene_manager.h">
      <Filter>Scene</Filter>
    </ClInclude>
    <ClInclude Include="Source\Scene\scene_spawner.h">
      <Filter>Scene</Filter>
    </ClInclude>
    <ClInclude Include="Source\Scene\Scene\scene.h">
      <Filter>Scene\Scene</Filter>
    </ClInclude>
    <ClInclude Include="Source\Scene\Scene\scene_game.h">
      <Filter>Scene\Scene</Filter>
    </ClInclude>
    <ClInclude Include="Source\Camera\Camera\camera.h">
      <Filter>Camera\Camera</Filter>
    </ClInclude>
    <ClInclude Include="Source\Camera\camera_manager.h">
      <Filter>Camera</Filter>
    </ClInclude>
    <ClInclude Include="Source\Camera\Camera\camera_2d.h">
      <Filter>Camera\Camera</Filter>
    </ClInclude>
    <ClInclude Include="Source\Camera\Camera\camera_game_main.h">
      <Filter>Camera\Camera</Filter>
    </ClInclude>
    <ClInclude Include="Source\Input\input_event_buffer.h">
      <Filter>Input</Filter>
    </ClInclude>
    <ClInclude Include="Source\Input\input_manager.h">
      <Filter>Input</Filter>
    </ClInclude>
    <ClInclude Include="Source\Input\input.h">
      <Filter>Input</Filter>
    </ClInclude>
    <ClInclude Include="Source\Input\input_alias.h">
      <Filter>Input</Filter>
    </ClInclude>
    <ClInclude Include="Source\Input\keyboard\input_keyboard.h">
      <Filter>Input\keyboard</Filter>
    </ClInclude>
    <ClInclude Include="Source\Resource\resource_box.h">
      <Filter>Resource</Filter>
    </ClInclude>
    <ClInclude Include="Source\DevelopTool\DevelopTool\debug_print.h">
      <Filter>DevelopTool\DevelopTool</Filter>
    </ClInclude>
    <ClInclude Include="Source\DevelopTool\develop_tool_manager.h">
      <Filter>DevelopTool</Filter>
    </ClInclude>
    <ClInclude Include="Source\Resource\Mesh\index_buffer.h">
      <Filter>Resource\Mesh</Filter>
    </ClInclude>
    <ClInclude Include="Source\Resource\Mesh\vertex_buffer.h">
      <Filter>Resource\Mesh</Filter>
    </ClInclude>
    <ClInclude Include="Source\Shader\effect_handle_holder.h">
      <Filter>Shader</Filter>
    </ClInclude>
    <ClInclude Include="Source\Shader\effect_handle_manager.h">
      <Filter>Shader</Filter>
    </ClInclude>
    <ClInclude Include="Source\Shader\shader_base.h">
      <Filter>Shader</Filter>
    </ClInclude>
    <ClInclude Include="Source\Shader\Component\light_direction.h">
      <Filter>Shader\Component</Filter>
    </ClInclude>
    <ClInclude Include="Source\Shader\Component\world_view_projection.h">
      <Filter>Shader\Component</Filter>
    </ClInclude>
    <ClInclude Include="Source\DrawCommand\command_buffer.h">
      <Filter>DrawCommand</Filter>
    </ClInclude>
    <ClInclude Include="Source\DrawCommand\command_buffer_holder.h">
      <Filter>DrawCommand</Filter>
    </ClInclude>
    <ClInclude Include="Source\DrawCommand\command_processor.h">
      <Filter>DrawCommand</Filter>
    </ClInclude>
    <ClInclude Include="Source\Unit\unit.h">
      <Filter>Unit</Filter>
    </ClInclude>
    <ClInclude Include="Source\World\world.h">
      <Filter>World</Filter>
    </ClInclude>
    <ClInclude Include="Source\Data\data_projection.h">
      <Filter>Data</Filter>
    </ClInclude>
    <ClInclude Include="Source\Data\data_view.h">
      <Filter>Data</Filter>
    </ClInclude>
    <ClInclude Include="Source\Scene\Scene\scene_title.h">
      <Filter>Scene\Scene</Filter>
    </ClInclude>
    <ClInclude Include="Source\Scene\Scene\scene_result.h">
      <Filter>Scene\Scene</Filter>
    </ClInclude>
    <ClInclude Include="Source\Shader\Shader\lambert.h">
      <Filter>Shader\Shader</Filter>
    </ClInclude>
    <ClInclude Include="Source\Resource\Mesh\mesh_buffer.h">
      <Filter>Resource\Mesh</Filter>
    </ClInclude>
    <ClInclude Include="Source\Resource\Mesh\Mesh\mesh_factory.h">
      <Filter>Resource\Mesh\Factory</Filter>
    </ClInclude>
    <ClInclude Include="Source\Resource\Mesh\Mesh\mesh_factory_sprite.h">
      <Filter>Resource\Mesh\Factory</Filter>
    </ClInclude>
    <ClInclude Include="Source\Resource\Mesh\Mesh\mesh_factory_cube.h">
      <Filter>Resource\Mesh\Factory</Filter>
    </ClInclude>
    <ClInclude Include="Source\Shader\Component\screen_size.h">
      <Filter>Shader\Component</Filter>
    </ClInclude>
    <ClInclude Include="Source\Unit\screen_unit.h">
      <Filter>Unit</Filter>
    </ClInclude>
    <ClInclude Include="Source\Shader\Component\screen_matrix.h">
      <Filter>Shader\Component</Filter>
    </ClInclude>
    <ClInclude Include="Source\Shader\Component\ambient_color.h">
      <Filter>Shader\Component</Filter>
    </ClInclude>
    <ClInclude Include="Source\Shader\PostEffect\fade_shader.h">
      <Filter>Shader\PostEffect</Filter>
    </ClInclude>
    <ClInclude Include="Source\Fade\fade.h">
      <Filter>Fade</Filter>
    </ClInclude>
    <ClInclude Include="Source\Resource\Mesh\Mesh\mesh_factory_smo.h">
      <Filter>Resource\Mesh\Factory</Filter>
    </ClInclude>
    <ClInclude Include="Source\Resource\Mesh\Mesh\mesh_factory_amo.h">
      <Filter>Resource\Mesh\Factory</Filter>
    </ClInclude>
    <ClInclude Include="Source\Shader\Component\animation_matrix.h">
      <Filter>Shader\Component</Filter>
    </ClInclude>
    <ClInclude Include="Source\Shader\Shader\animation_shader.h">
      <Filter>Shader\Shader</Filter>
    </ClInclude>
    <ClInclude Include="Source\Data\data_oaf.h">
      <Filter>Data</Filter>
    </ClInclude>
    <ClInclude Include="Source\Animation\animation_system.h">
      <Filter>Animation</Filter>
    </ClInclude>
    <ClInclude Include="Source\Sound\speaker\speaker.h">
      <Filter>Sound\speaker</Filter>
    </ClInclude>
    <ClInclude Include="Source\Sound\speaker\speaker_3d.h">
      <Filter>Sound\speaker</Filter>
    </ClInclude>
    <ClInclude Include="Source\Sound\speaker\speaker_bgm.h">
      <Filter>Sound\speaker</Filter>
    </ClInclude>
    <ClInclude Include="Source\Sound\xact\xact_manager.h">
      <Filter>Sound\xact</Filter>
    </ClInclude>
    <ClInclude Include="Source\Unit\Game\player.h">
      <Filter>Unit\Game</Filter>
    </ClInclude>
    <ClInclude Include="Source\Algorithm\often_use.h">
      <Filter>Algorithm</Filter>
    </ClInclude>
    <ClInclude Include="Source\Camera\Camera\camera_game_player.h">
      <Filter>Camera\Camera</Filter>
    </ClInclude>
    <ClInclude Include="Source\Unit\Game\back_ground.h">
      <Filter>Unit\Game</Filter>
    </ClInclude>
    <ClInclude Include="Source\Shader\Component\albedo_cube_texture.h">
      <Filter>Shader\Component</Filter>
    </ClInclude>
    <ClInclude Include="Source\Shader\Shader\back_ground_shader.h">
      <Filter>Shader\Shader</Filter>
    </ClInclude>
    <ClInclude Include="Source\Shader\Shader\screen_shader.h">
      <Filter>Shader\Shader</Filter>
    </ClInclude>
    <ClInclude Include="Source\DevelopTool\DevelopTool\debug_line_box.h">
      <Filter>DevelopTool\DevelopTool</Filter>
    </ClInclude>
    <ClInclude Include="Source\DevelopTool\DevelopTool\debug_line.h">
      <Filter>DevelopTool\DevelopTool</Filter>
    </ClInclude>
    <ClInclude Include="Source\Shader\Component\albedo_texture.h">
      <Filter>Shader\Component</Filter>
    </ClInclude>
    <ClInclude Include="Source\Shader\Component\diffuse_cube_texture.h">
      <Filter>Shader\Component</Filter>
    </ClInclude>
    <ClInclude Include="Source\Shader\Component\fresnel.h">
      <Filter>Shader\Component</Filter>
    </ClInclude>
    <ClInclude Include="Source\Shader\Component\metalness.h">
      <Filter>Shader\Component</Filter>
    </ClInclude>
    <ClInclude Include="Source\Shader\Component\roughness.h">
      <Filter>Shader\Component</Filter>
    </ClInclude>
    <ClInclude Include="Source\Shader\Component\world.h">
      <Filter>Shader\Component</Filter>
    </ClInclude>
    <ClInclude Include="Source\Shader\Component\eye_position.h">
      <Filter>Shader\Component</Filter>
    </ClInclude>
    <ClInclude Include="Source\Shader\Component\specular_cube_texture.h">
      <Filter>Shader\Component</Filter>
    </ClInclude>
    <ClInclude Include="Source\Shader\Shader\PBL_animation_shader.h">
      <Filter>Shader\Shader</Filter>
    </ClInclude>
    <ClInclude Include="Source\Data\data_world.h">
      <Filter>Data</Filter>
    </ClInclude>
    <ClInclude Include="Source\Collision\collision_system.h">
      <Filter>Collision</Filter>
    </ClInclude>
    <ClInclude Include="Source\Unit\Game\aim_draw.h">
      <Filter>Unit\Game</Filter>
    </ClInclude>
    <ClInclude Include="Source\Shader\Shader\aim_shader.h">
      <Filter>Shader\Shader</Filter>
    </ClInclude>
    <ClInclude Include="Source\Unit\Game\aim.h">
      <Filter>Unit\Game</Filter>
    </ClInclude>
    <ClInclude Include="Source\Unit\Game\aim_line.h">
      <Filter>Unit\Game</Filter>
    </ClInclude>
    <ClInclude Include="Source\World\collision_grid.h">
      <Filter>World</Filter>
    </ClInclude>
    <ClInclude Include="Source\Data\data_position.h">
      <Filter>Data</Filter>
    </ClInclude>
    <ClInclude Include="Source\World\grid_2D.h">
      <Filter>World</Filter>
    </ClInclude>
    <ClInclude Include="Source\Data\data_box.h">
      <Filter>Data</Filter>
    </ClInclude>
    <ClInclude Include="Source\Data\data_shpere.h">
      <Filter>Data</Filter>
    </ClInclude>
    <ClInclude Include="Source\Data\data_line.h">
      <Filter>Data</Filter>
    </ClInclude>
    <ClInclude Include="Source\DevelopTool\DevelopTool\debug_box.h">
      <Filter>DevelopTool\DevelopTool</Filter>
    </ClInclude>
    <ClInclude Include="Source\Unit\Game\building.h">
      <Filter>Unit\Game</Filter>
    </ClInclude>
    <ClInclude Include="Source\Shader\Shader\PBL_static_shader.h">
      <Filter>Shader\Shader</Filter>
    </ClInclude>
    <ClInclude Include="Source\Command\command.h">
      <Filter>Command</Filter>
    </ClInclude>
    <ClInclude Include="Source\Command\command_fire.h">
      <Filter>Command</Filter>
    </ClInclude>
    <ClInclude Include="Source\Command\command_handler.h">
      <Filter>Command</Filter>
    </ClInclude>
    <ClInclude Include="Source\Command\command_move_right.h">
      <Filter>Command</Filter>
    </ClInclude>
    <ClInclude Include="Source\Command\command_move_up.h">
      <Filter>Command</Filter>
    </ClInclude>
    <ClInclude Include="Source\Command\command_move_back.h">
      <Filter>Command</Filter>
    </ClInclude>
    <ClInclude Include="Source\Command\command_move_down.h">
      <Filter>Command</Filter>
    </ClInclude>
    <ClInclude Include="Source\Command\command_move_front.h">
      <Filter>Command</Filter>
    </ClInclude>
    <ClInclude Include="Source\Command\command_move_left.h">
      <Filter>Command</Filter>
    </ClInclude>
    <ClInclude Include="Source\Shader\Component\normal_texture.h">
      <Filter>Shader\Component</Filter>
    </ClInclude>
    <ClInclude Include="Source\Unit\Game\bullet.h">
      <Filter>Unit\Game</Filter>
    </ClInclude>
    <ClInclude Include="Source\Unit\Game\dirt.h">
      <Filter>Unit\Game</Filter>
    </ClInclude>
    <ClInclude Include="Source\Resource\resource.h">
      <Filter>Resource</Filter>
    </ClInclude>
    <ClInclude Include="Source\Resource\texture_resource.h">
      <Filter>Resource</Filter>
    </ClInclude>
    <ClInclude Include="Source\Resource\cube_texture_resource.h">
      <Filter>Resource</Filter>
    </ClInclude>
    <ClInclude Include="Source\Resource\mesh_resource.h">
      <Filter>Resource</Filter>
    </ClInclude>
    <ClInclude Include="Source\Resource\static_mesh_resource.h">
      <Filter>Resource</Filter>
    </ClInclude>
    <ClInclude Include="Source\Resource\animation_mesh_resource.h">
      <Filter>Resource</Filter>
    </ClInclude>
    <ClInclude Include="Source\Input\xinput\input_x.h">
      <Filter>Input\xinput</Filter>
    </ClInclude>
    <ClInclude Include="Source\DevelopTool\DevelopTool\debug_sphere.h">
      <Filter>DevelopTool\DevelopTool</Filter>
    </ClInclude>
    <ClInclude Include="Source\Resource\Mesh\Mesh\mesh_factory_mesh_field.h">
      <Filter>Resource\Mesh\Factory</Filter>
    </ClInclude>
    <ClInclude Include="Source\Shader\Shader\dirt_shader.h">
      <Filter>Shader\Shader</Filter>
    </ClInclude>
    <ClInclude Include="Source\Algorithm\dirt_math.h">
      <Filter>Algorithm</Filter>
    </ClInclude>
    <ClInclude Include="Source\Shader\Component\dirt_move_matrix.h">
      <Filter>Shader\Component</Filter>
    </ClInclude>
    <ClInclude Include="Source\Shader\Component\texcoord_move.h">
      <Filter>Shader\Component</Filter>
    </ClInclude>
    <ClInclude Include="Source\Shader\Component\world_inverse_transpose.h">
      <Filter>Shader\Component</Filter>
    </ClInclude>
    <ClInclude Include="Source\Algorithm\perlin_noise.h">
      <Filter>Algorithm</Filter>
    </ClInclude>
    <ClInclude Include="Source\Unit\Game\water_bullet.h">
      <Filter>Unit\Game</Filter>
    </ClInclude>
    <ClInclude Include="Source\Resource\Mesh\Mesh\mesh_factory_water_cylinder.h">
      <Filter>Resource\Mesh\Factory</Filter>
    </ClInclude>
    <ClInclude Include="Source\Shader\Component\water_matrix.h">
      <Filter>Shader\Component</Filter>
    </ClInclude>
    <ClInclude Include="Source\Shader\Shader\water_shader.h">
      <Filter>Shader\Shader</Filter>
    </ClInclude>
    <ClInclude Include="Source\Unit\Game\weapon.h">
      <Filter>Unit\Game</Filter>
    </ClInclude>
    <ClInclude Include="Source\Shader\Component\metalness_texture.h">
      <Filter>Shader\Component</Filter>
    </ClInclude>
    <ClInclude Include="Source\Shader\Component\dirty_texture.h">
      <Filter>Shader\Component</Filter>
    </ClInclude>
    <ClInclude Include="Source\Data\data_mesh_point.h">
      <Filter>Data</Filter>
    </ClInclude>
    <ClInclude Include="Source\Resource\Mesh\Mesh\mesh_factory_water_cylinder_back.h">
      <Filter>Resource\Mesh\Factory</Filter>
    </ClInclude>
    <ClInclude Include="Source\Unit\Game\water_back.h">
      <Filter>Unit\Game</Filter>
    </ClInclude>
    <ClInclude Include="Source\Shader\Shader\water_back_shader.h">
      <Filter>Shader\Shader</Filter>
    </ClInclude>
    <ClInclude Include="Source\Unit\Title\text.h">
      <Filter>Unit\Title</Filter>
    </ClInclude>
    <ClInclude Include="Source\Unit\Title\logo.h">
      <Filter>Unit\Title</Filter>
    </ClInclude>
    <ClInclude Include="Source\Unit\Title\logo_bg.h">
      <Filter>Unit\Title</Filter>
    </ClInclude>
    <ClInclude Include="Source\Unit\Result\message_box.h">
      <Filter>Unit\Result</Filter>
    </ClInclude>
    <ClInclude Include="Source\Unit\Result\result_bg.h">
      <Filter>Unit\Result</Filter>
    </ClInclude>
    <ClInclude Include="Source\Unit\Result\score.h">
      <Filter>Unit\Result</Filter>
    </ClInclude>
    <ClInclude Include="Source\Unit\Result\score_board.h">
      <Filter>Unit\Result</Filter>
    </ClInclude>
    <ClInclude Include="Source\Unit\Result\bulletin_board.h">
      <Filter>Unit\Result</Filter>
    </ClInclude>
    <ClInclude Include="Source\Unit\Result\judge.h">
      <Filter>Unit\Result</Filter>
    </ClInclude>
    <ClInclude Include="Source\Unit\number.h">
      <Filter>Unit</Filter>
    </ClInclude>
    <ClInclude Include="Source\Shader\Component\screen_texture_offset.h">
      <Filter>Shader\Component</Filter>
    </ClInclude>
    <ClInclude Include="Source\Shader\Component\screen_texture_uv.h">
      <Filter>Shader\Component</Filter>
    </ClInclude>
    <ClInclude Include="Source\Shader\Component\screen_texture_alpha.h">
      <Filter>Shader\Component</Filter>
    </ClInclude>
    <ClInclude Include="Source\Shader\Shader\screen_2d_shader.h">
      <Filter>Shader\Shader</Filter>
    </ClInclude>
    <ClInclude Include="Source\Resource\Mesh\Mesh\mesh_factory_2d_sprite.h">
      <Filter>Resource\Mesh\Factory</Filter>
    </ClInclude>
    <ClInclude Include="Source\Unit\Game\water_spray_pool.h">
      <Filter>Unit\Game</Filter>
    </ClInclude>
    <ClInclude Include="Source\Unit\Game\water_spray.h">
      <Filter>Unit\Game</Filter>
    </ClInclude>
  </ItemGroup>
  <ItemGroup>
    <Filter Include="Common">
      <UniqueIdentifier>{19dca1f0-23b5-42c2-8444-e4f55173a53f}</UniqueIdentifier>
    </Filter>
    <Filter Include="Error">
      <UniqueIdentifier>{a2540fbd-457b-45f1-a0f9-e5498ccdbfd6}</UniqueIdentifier>
    </Filter>
    <Filter Include="Windows">
      <UniqueIdentifier>{4212c5dd-a5fd-45dd-b62d-585681a831c2}</UniqueIdentifier>
    </Filter>
    <Filter Include="Renderer">
      <UniqueIdentifier>{6caa4885-761c-42d8-8bc1-b851595a5cb0}</UniqueIdentifier>
    </Filter>
    <Filter Include="System">
      <UniqueIdentifier>{6f8213bb-9c47-4a28-96b3-cf065e1a5b62}</UniqueIdentifier>
    </Filter>
    <Filter Include="Scene">
      <UniqueIdentifier>{4e117013-47ef-45a2-86d5-e46a62634d99}</UniqueIdentifier>
    </Filter>
    <Filter Include="Scene\Scene">
      <UniqueIdentifier>{ec1fecf0-233a-4027-9663-9c0dfff4f453}</UniqueIdentifier>
    </Filter>
    <Filter Include="Camera">
      <UniqueIdentifier>{4d3a5881-96d5-41c9-ba61-df178f15a325}</UniqueIdentifier>
    </Filter>
    <Filter Include="Camera\Camera">
      <UniqueIdentifier>{11542dc3-5d10-4567-a2b9-aa5e59480788}</UniqueIdentifier>
    </Filter>
    <Filter Include="Data">
      <UniqueIdentifier>{ab330028-2826-4dc0-91c1-d549e2c71912}</UniqueIdentifier>
    </Filter>
    <Filter Include="Input">
      <UniqueIdentifier>{3c1239e6-3ecd-4514-9dbe-606c3367f02b}</UniqueIdentifier>
    </Filter>
    <Filter Include="Input\dinput">
      <UniqueIdentifier>{62ad40a0-6357-4c92-8894-f4b45163d12b}</UniqueIdentifier>
    </Filter>
    <Filter Include="Input\xinput">
      <UniqueIdentifier>{4cd70195-c566-411f-a7ad-e3cef0cfd640}</UniqueIdentifier>
    </Filter>
    <Filter Include="Input\mouse">
      <UniqueIdentifier>{008cc357-e7d0-49b3-8642-e57494c90896}</UniqueIdentifier>
    </Filter>
    <Filter Include="Input\keyboard">
      <UniqueIdentifier>{132565dc-0a0b-49f3-ad25-34d0c26dd575}</UniqueIdentifier>
    </Filter>
    <Filter Include="Resource">
      <UniqueIdentifier>{30cedf8f-cd71-454d-a6ba-46e3ee8af9ff}</UniqueIdentifier>
    </Filter>
    <Filter Include="DevelopTool">
      <UniqueIdentifier>{570c386e-ea43-4fc5-9684-a156d3a9109a}</UniqueIdentifier>
    </Filter>
    <Filter Include="DevelopTool\DevelopTool">
      <UniqueIdentifier>{1fc1940d-19e8-4711-a4d9-1e63ed5a3af3}</UniqueIdentifier>
    </Filter>
    <Filter Include="Shader">
      <UniqueIdentifier>{dbd95ecc-59de-4135-a26e-f2a7be3b7bd3}</UniqueIdentifier>
    </Filter>
    <Filter Include="Resource\Mesh">
      <UniqueIdentifier>{8310f220-3844-4b78-8920-e3be80ac0f59}</UniqueIdentifier>
    </Filter>
    <Filter Include="Shader\Shader">
      <UniqueIdentifier>{2592aef7-d5ff-414b-96d7-926083a662a9}</UniqueIdentifier>
    </Filter>
    <Filter Include="Shader\Component">
      <UniqueIdentifier>{3b5c18fe-0c2d-483c-b5df-50653b3e54f2}</UniqueIdentifier>
    </Filter>
    <Filter Include="Shader\PostEffect">
      <UniqueIdentifier>{24bf4c37-847e-4d86-941a-25e586a3c7e4}</UniqueIdentifier>
    </Filter>
    <Filter Include="DrawCommand">
      <UniqueIdentifier>{fe79385d-0047-42b2-95ff-3ff45d5bc033}</UniqueIdentifier>
    </Filter>
    <Filter Include="World">
      <UniqueIdentifier>{068fac79-bbb3-460d-b80b-9b423993c9bf}</UniqueIdentifier>
    </Filter>
    <Filter Include="Unit">
      <UniqueIdentifier>{d1c7da82-255d-4bd4-96e0-6d68a96e36f1}</UniqueIdentifier>
    </Filter>
    <Filter Include="Resource\Mesh\Factory">
      <UniqueIdentifier>{76d12a37-db0d-4987-baf9-f34afa5c5710}</UniqueIdentifier>
    </Filter>
    <Filter Include="Fade">
      <UniqueIdentifier>{aca16d16-de1c-42ff-949d-4414a47fa549}</UniqueIdentifier>
    </Filter>
    <Filter Include="Animation">
      <UniqueIdentifier>{615b3fe9-7613-4729-981e-cbe06c5f9e80}</UniqueIdentifier>
    </Filter>
    <Filter Include="Sound">
      <UniqueIdentifier>{36d1cb52-2ec8-45df-834a-09a4485080eb}</UniqueIdentifier>
    </Filter>
    <Filter Include="Sound\xact">
      <UniqueIdentifier>{1c6d1ee1-b2fa-4684-84e9-32dae61e89f7}</UniqueIdentifier>
    </Filter>
    <Filter Include="Sound\speaker">
      <UniqueIdentifier>{0e89fd09-d4d7-4bd1-9a42-510344d9b9b8}</UniqueIdentifier>
    </Filter>
    <Filter Include="Unit\Game">
      <UniqueIdentifier>{13990803-9f83-4f8c-bf84-55bcb7b1d695}</UniqueIdentifier>
    </Filter>
    <Filter Include="Algorithm">
      <UniqueIdentifier>{0657806c-a5b5-4dbc-bc4d-30120e539dc2}</UniqueIdentifier>
    </Filter>
    <Filter Include="Collision">
      <UniqueIdentifier>{a854b6ef-010b-498c-82d2-147607bf3d21}</UniqueIdentifier>
    </Filter>
    <Filter Include="Command">
      <UniqueIdentifier>{d0671d7b-0485-498d-b719-908250635096}</UniqueIdentifier>
    </Filter>
    <Filter Include="Unit\Result">
      <UniqueIdentifier>{7f86546d-16a4-404b-b427-939df7f80a3b}</UniqueIdentifier>
    </Filter>
    <Filter Include="Unit\Title">
      <UniqueIdentifier>{89cafac7-d0a6-44f6-ba74-e806385f3424}</UniqueIdentifier>
    </Filter>
  </ItemGroup>
</Project>